<Solution>
  <Project Path="ai.documentassistant.client/ai.documentassistant.client.esproj">
    <Build />
    <Deploy />
  </Project>
  <Project Path="AI.DocumentAssistant.Server/AI.DocumentAssistant.Server.csproj" />
  <Project Path="AI.DocumentAssistant.Server.Tests/AI.DocumentAssistant.Server.Tests.csproj" />
</Solution>
